
Microsoft Visual Studio Solution File, Format Version 12.00
# Visual Studio Version 17
VisualStudioVersion = 17.3.32922.545
MinimumVisualStudioVersion = 10.0.40219.1
Project("{FAE04EC0-301F-11D3-BF4B-00C04F79EFBC}") = "RSA_CRYPT", "RSA_CRYPT\RSA_CRYPT.csproj", "{BD26A1A4-DAED-4D28-BE28-1CCF49F8A207}"
EndProject
Project("{FAE04EC0-301F-11D3-BF4B-00C04F79EFBC}") = "RSA_CRYPT.BLL", "RSA_CRYPT.BLL\RSA_CRYPT.BLL.csproj", "{CB48EBB7-435C-4FA8-8E2A-A03C4E8268FB}"
EndProject
Project("{FAE04EC0-301F-11D3-BF4B-00C04F79EFBC}") = "RSA_CRYPT.BLL.Infra", "RSA_CRYPT.BLL.Infra\RSA_CRYPT.BLL.Infra.csproj", "{02FB0694-2344-40FB-B62F-42E5D7FFD108}"
EndProject
Project("{FAE04EC0-301F-11D3-BF4B-00C04F79EFBC}") = "RSA_CRYPT.IoC", "RSA_CRYPT.IoC\RSA_CRYPT.IoC.csproj", "{9FE22D6F-8AF9-436E-89A4-84F78DC295FC}"
EndProject
Project("{FAE04EC0-301F-11D3-BF4B-00C04F79EFBC}") = "RSA_CRYPT.Models", "RSA_CRYPT.Models\RSA_CRYPT.Models.csproj", "{AC24B584-DDD8-4DBA-BF57-087354AB9A0F}"
EndProject
Project("{FAE04EC0-301F-11D3-BF4B-00C04F79EFBC}") = "RSA_CRYPT.Repository", "RSA_CRYPT.Repository\RSA_CRYPT.Repository.csproj", "{F6E96725-F54E-403A-972B-8835A71DAF8E}"
EndProject
Project("{FAE04EC0-301F-11D3-BF4B-00C04F79EFBC}") = "RSA_CRYPT.Repository.Infra", "RSA_CRYPT.Repository.Infra\RSA_CRYPT.Repository.Infra.csproj", "{9E7F4E25-073E-465D-BE03-174E987B193F}"
EndProject
Global
	GlobalSection(SolutionConfigurationPlatforms) = preSolution
		Debug|Any CPU = Debug|Any CPU
		Release|Any CPU = Release|Any CPU
	EndGlobalSection
	GlobalSection(ProjectConfigurationPlatforms) = postSolution
		{BD26A1A4-DAED-4D28-BE28-1CCF49F8A207}.Debug|Any CPU.ActiveCfg = Debug|Any CPU
		{BD26A1A4-DAED-4D28-BE28-1CCF49F8A207}.Debug|Any CPU.Build.0 = Debug|Any CPU
		{BD26A1A4-DAED-4D28-BE28-1CCF49F8A207}.Release|Any CPU.ActiveCfg = Release|Any CPU
		{BD26A1A4-DAED-4D28-BE28-1CCF49F8A207}.Release|Any CPU.Build.0 = Release|Any CPU
		{CB48EBB7-435C-4FA8-8E2A-A03C4E8268FB}.Debug|Any CPU.ActiveCfg = Debug|Any CPU
		{CB48EBB7-435C-4FA8-8E2A-A03C4E8268FB}.Debug|Any CPU.Build.0 = Debug|Any CPU
		{CB48EBB7-435C-4FA8-8E2A-A03C4E8268FB}.Release|Any CPU.ActiveCfg = Release|Any CPU
		{CB48EBB7-435C-4FA8-8E2A-A03C4E8268FB}.Release|Any CPU.Build.0 = Release|Any CPU
		{02FB0694-2344-40FB-B62F-42E5D7FFD108}.Debug|Any CPU.ActiveCfg = Debug|Any CPU
		{02FB0694-2344-40FB-B62F-42E5D7FFD108}.Debug|Any CPU.Build.0 = Debug|Any CPU
		{02FB0694-2344-40FB-B62F-42E5D7FFD108}.Release|Any CPU.ActiveCfg = Release|Any CPU
		{02FB0694-2344-40FB-B62F-42E5D7FFD108}.Release|Any CPU.Build.0 = Release|Any CPU
		{9FE22D6F-8AF9-436E-89A4-84F78DC295FC}.Debug|Any CPU.ActiveCfg = Debug|Any CPU
		{9FE22D6F-8AF9-436E-89A4-84F78DC295FC}.Debug|Any CPU.Build.0 = Debug|Any CPU
		{9FE22D6F-8AF9-436E-89A4-84F78DC295FC}.Release|Any CPU.ActiveCfg = Release|Any CPU
		{9FE22D6F-8AF9-436E-89A4-84F78DC295FC}.Release|Any CPU.Build.0 = Release|Any CPU
		{AC24B584-DDD8-4DBA-BF57-087354AB9A0F}.Debug|Any CPU.ActiveCfg = Debug|Any CPU
		{AC24B584-DDD8-4DBA-BF57-087354AB9A0F}.Debug|Any CPU.Build.0 = Debug|Any CPU
		{AC24B584-DDD8-4DBA-BF57-087354AB9A0F}.Release|Any CPU.ActiveCfg = Release|Any CPU
		{AC24B584-DDD8-4DBA-BF57-087354AB9A0F}.Release|Any CPU.Build.0 = Release|Any CPU
		{F6E96725-F54E-403A-972B-8835A71DAF8E}.Debug|Any CPU.ActiveCfg = Debug|Any CPU
		{F6E96725-F54E-403A-972B-8835A71DAF8E}.Debug|Any CPU.Build.0 = Debug|Any CPU
		{F6E96725-F54E-403A-972B-8835A71DAF8E}.Release|Any CPU.ActiveCfg = Release|Any CPU
		{F6E96725-F54E-403A-972B-8835A71DAF8E}.Release|Any CPU.Build.0 = Release|Any CPU
		{9E7F4E25-073E-465D-BE03-174E987B193F}.Debug|Any CPU.ActiveCfg = Debug|Any CPU
		{9E7F4E25-073E-465D-BE03-174E987B193F}.Debug|Any CPU.Build.0 = Debug|Any CPU
		{9E7F4E25-073E-465D-BE03-174E987B193F}.Release|Any CPU.ActiveCfg = Release|Any CPU
		{9E7F4E25-073E-465D-BE03-174E987B193F}.Release|Any CPU.Build.0 = Release|Any CPU
	EndGlobalSection
	GlobalSection(SolutionProperties) = preSolution
		HideSolutionNode = FALSE
	EndGlobalSection
	GlobalSection(ExtensibilityGlobals) = postSolution
		SolutionGuid = {619016CA-3F55-442C-8A47-CD27BFA1572B}
	EndGlobalSection
EndGlobal
